
Microsoft Visual Studio Solution File, Format Version 12.00
# Visual Studio 15
VisualStudioVersion = 15.0.27703.2035
MinimumVisualStudioVersion = 10.0.40219.1
Project("{9A19103F-16F7-4668-BE54-9A1E7A4F7556}") = "WebApi", "WebApi.csproj", "{ED6B5415-A372-4BB9-93BC-BEB9133B615E}"
EndProject
Project("{9A19103F-16F7-4668-BE54-9A1E7A4F7556}") = "WebApiBusinessLogic", "..\Application\BusinessLogic\WebApiBusinessLogic.csproj", "{4A20D404-3032-4953-8F34-639BDBF063E4}"
EndProject
Project("{9A19103F-16F7-4668-BE54-9A1E7A4F7556}") = "Library1C", "..\Library1C\Library1C.csproj", "{014B35CD-981D-4BE7-A8C3-D75E465B1AED}"
EndProject
Project("{9A19103F-16F7-4668-BE54-9A1E7A4F7556}") = "LibraryAmoCRM", "..\LibraryAmoCRM\LibraryAmoCRM.csproj", "{98EA8C94-89C6-4451-B58D-0FA989BD0971}"
EndProject
Project("{9A19103F-16F7-4668-BE54-9A1E7A4F7556}") = "Domain", "..\Application\Domain\Domain.csproj", "{158FFA4E-B4B6-4773-BFF7-1B021DD4BB5C}"
EndProject
Project("{9A19103F-16F7-4668-BE54-9A1E7A4F7556}") = "LibraryNeoClient", "..\LibraryNeoClient\LibraryNeoClient.csproj", "{2713E9B8-3F0E-4DF6-9ABC-C8BC342121DE}"
EndProject
Project("{9A19103F-16F7-4668-BE54-9A1E7A4F7556}") = "Common", "..\Application\Common\Common.csproj", "{77323ED5-4771-4109-A497-245825C26C3B}"
EndProject
Project("{FAE04EC0-301F-11D3-BF4B-00C04F79EFBC}") = "WebApiTests", "..\Application\WebApiTests\WebApiTests.csproj", "{E1716530-9B3D-4C6B-8651-E18161CF0367}"
EndProject
Global
	GlobalSection(SolutionConfigurationPlatforms) = preSolution
		Debug|Any CPU = Debug|Any CPU
		Release|Any CPU = Release|Any CPU
	EndGlobalSection
	GlobalSection(ProjectConfigurationPlatforms) = postSolution
		{ED6B5415-A372-4BB9-93BC-BEB9133B615E}.Debug|Any CPU.ActiveCfg = Debug|Any CPU
		{ED6B5415-A372-4BB9-93BC-BEB9133B615E}.Debug|Any CPU.Build.0 = Debug|Any CPU
		{ED6B5415-A372-4BB9-93BC-BEB9133B615E}.Release|Any CPU.ActiveCfg = Release|Any CPU
		{ED6B5415-A372-4BB9-93BC-BEB9133B615E}.Release|Any CPU.Build.0 = Release|Any CPU
		{4A20D404-3032-4953-8F34-639BDBF063E4}.Debug|Any CPU.ActiveCfg = Debug|Any CPU
		{4A20D404-3032-4953-8F34-639BDBF063E4}.Debug|Any CPU.Build.0 = Debug|Any CPU
		{4A20D404-3032-4953-8F34-639BDBF063E4}.Release|Any CPU.ActiveCfg = Release|Any CPU
		{4A20D404-3032-4953-8F34-639BDBF063E4}.Release|Any CPU.Build.0 = Release|Any CPU
		{014B35CD-981D-4BE7-A8C3-D75E465B1AED}.Debug|Any CPU.ActiveCfg = Debug|Any CPU
		{014B35CD-981D-4BE7-A8C3-D75E465B1AED}.Debug|Any CPU.Build.0 = Debug|Any CPU
		{014B35CD-981D-4BE7-A8C3-D75E465B1AED}.Release|Any CPU.ActiveCfg = Release|Any CPU
		{014B35CD-981D-4BE7-A8C3-D75E465B1AED}.Release|Any CPU.Build.0 = Release|Any CPU
		{98EA8C94-89C6-4451-B58D-0FA989BD0971}.Debug|Any CPU.ActiveCfg = Debug|Any CPU
		{98EA8C94-89C6-4451-B58D-0FA989BD0971}.Debug|Any CPU.Build.0 = Debug|Any CPU
		{98EA8C94-89C6-4451-B58D-0FA989BD0971}.Release|Any CPU.ActiveCfg = Release|Any CPU
		{98EA8C94-89C6-4451-B58D-0FA989BD0971}.Release|Any CPU.Build.0 = Release|Any CPU
		{158FFA4E-B4B6-4773-BFF7-1B021DD4BB5C}.Debug|Any CPU.ActiveCfg = Debug|Any CPU
		{158FFA4E-B4B6-4773-BFF7-1B021DD4BB5C}.Debug|Any CPU.Build.0 = Debug|Any CPU
		{158FFA4E-B4B6-4773-BFF7-1B021DD4BB5C}.Release|Any CPU.ActiveCfg = Release|Any CPU
		{158FFA4E-B4B6-4773-BFF7-1B021DD4BB5C}.Release|Any CPU.Build.0 = Release|Any CPU
		{2713E9B8-3F0E-4DF6-9ABC-C8BC342121DE}.Debug|Any CPU.ActiveCfg = Debug|Any CPU
		{2713E9B8-3F0E-4DF6-9ABC-C8BC342121DE}.Debug|Any CPU.Build.0 = Debug|Any CPU
		{2713E9B8-3F0E-4DF6-9ABC-C8BC342121DE}.Release|Any CPU.ActiveCfg = Release|Any CPU
		{2713E9B8-3F0E-4DF6-9ABC-C8BC342121DE}.Release|Any CPU.Build.0 = Release|Any CPU
		{77323ED5-4771-4109-A497-245825C26C3B}.Debug|Any CPU.ActiveCfg = Debug|Any CPU
		{77323ED5-4771-4109-A497-245825C26C3B}.Debug|Any CPU.Build.0 = Debug|Any CPU
		{77323ED5-4771-4109-A497-245825C26C3B}.Release|Any CPU.ActiveCfg = Release|Any CPU
		{77323ED5-4771-4109-A497-245825C26C3B}.Release|Any CPU.Build.0 = Release|Any CPU
		{E1716530-9B3D-4C6B-8651-E18161CF0367}.Debug|Any CPU.ActiveCfg = Debug|Any CPU
		{E1716530-9B3D-4C6B-8651-E18161CF0367}.Debug|Any CPU.Build.0 = Debug|Any CPU
		{E1716530-9B3D-4C6B-8651-E18161CF0367}.Release|Any CPU.ActiveCfg = Release|Any CPU
		{E1716530-9B3D-4C6B-8651-E18161CF0367}.Release|Any CPU.Build.0 = Release|Any CPU
	EndGlobalSection
	GlobalSection(SolutionProperties) = preSolution
		HideSolutionNode = FALSE
	EndGlobalSection
	GlobalSection(ExtensibilityGlobals) = postSolution
		SolutionGuid = {1DA0532F-DB8A-4BFA-8769-704E0A1E410E}
	EndGlobalSection
EndGlobal
